
Microsoft Visual Studio Solution File, Format Version 12.00
# Visual Studio Version 17
VisualStudioVersion = 17.7.34221.43
MinimumVisualStudioVersion = 10.0.40219.1
Project("{FAE04EC0-301F-11D3-BF4B-00C04F79EFBC}") = "LeaningSQL", "LeaningSQL\LeaningSQL.csproj", "{060F1199-43D0-4652-94B8-5AEDBD981858}"
EndProject
Global
	GlobalSection(SolutionConfigurationPlatforms) = preSolution
		Debug|Any CPU = Debug|Any CPU
		Release|Any CPU = Release|Any CPU
	EndGlobalSection
	GlobalSection(ProjectConfigurationPlatforms) = postSolution
		{060F1199-43D0-4652-94B8-5AEDBD981858}.Debug|Any CPU.ActiveCfg = Debug|Any CPU
		{060F1199-43D0-4652-94B8-5AEDBD981858}.Debug|Any CPU.Build.0 = Debug|Any CPU
		{060F1199-43D0-4652-94B8-5AEDBD981858}.Release|Any CPU.ActiveCfg = Release|Any CPU
		{060F1199-43D0-4652-94B8-5AEDBD981858}.Release|Any CPU.Build.0 = Release|Any CPU
	EndGlobalSection
	GlobalSection(SolutionProperties) = preSolution
		HideSolutionNode = FALSE
	EndGlobalSection
	GlobalSection(ExtensibilityGlobals) = postSolution
		SolutionGuid = {727A0238-D740-4A16-A751-7541F869E456}
	EndGlobalSection
EndGlobal
