
Microsoft Visual Studio Solution File, Format Version 12.00
# Visual Studio Version 17
VisualStudioVersion = 17.7.34221.43
MinimumVisualStudioVersion = 10.0.40219.1
Project("{FAE04EC0-301F-11D3-BF4B-00C04F79EFBC}") = "CRUDWithADO.Net", "CRUDWithADO.Net\CRUDWithADO.Net.csproj", "{CC7C7A3B-9B7D-4437-9B53-784334D9CE51}"
EndProject
Global
	GlobalSection(SolutionConfigurationPlatforms) = preSolution
		Debug|Any CPU = Debug|Any CPU
		Release|Any CPU = Release|Any CPU
	EndGlobalSection
	GlobalSection(ProjectConfigurationPlatforms) = postSolution
		{CC7C7A3B-9B7D-4437-9B53-784334D9CE51}.Debug|Any CPU.ActiveCfg = Debug|Any CPU
		{CC7C7A3B-9B7D-4437-9B53-784334D9CE51}.Debug|Any CPU.Build.0 = Debug|Any CPU
		{CC7C7A3B-9B7D-4437-9B53-784334D9CE51}.Release|Any CPU.ActiveCfg = Release|Any CPU
		{CC7C7A3B-9B7D-4437-9B53-784334D9CE51}.Release|Any CPU.Build.0 = Release|Any CPU
	EndGlobalSection
	GlobalSection(SolutionProperties) = preSolution
		HideSolutionNode = FALSE
	EndGlobalSection
	GlobalSection(ExtensibilityGlobals) = postSolution
		SolutionGuid = {3328E0AB-0665-4038-968C-AC4C090CA6F2}
	EndGlobalSection
EndGlobal
